
Microsoft Visual Studio Solution File, Format Version 12.00
# Visual Studio 15
VisualStudioVersion = 15.0.26730.16
MinimumVisualStudioVersion = 10.0.40219.1
Project("{FAE04EC0-301F-11D3-BF4B-00C04F79EFBC}") = "Terrain", "Terrain.csproj", "{3C19F5B5-71BC-4F5E-998A-7E907BF67552}"
EndProject
Global
	GlobalSection(SolutionConfigurationPlatforms) = preSolution
		Debug|Any CPU = Debug|Any CPU
		Release|Any CPU = Release|Any CPU
	EndGlobalSection
	GlobalSection(ProjectConfigurationPlatforms) = postSolution
		{A5446758-3DDC-4767-9C59-98B820329421}.Debug|Any CPU.ActiveCfg = Debug|Any CPU
		{A5446758-3DDC-4767-9C59-98B820329421}.Debug|Any CPU.Build.0 = Debug|Any CPU
		{A5446758-3DDC-4767-9C59-98B820329421}.Release|Any CPU.ActiveCfg = Release|Any CPU
		{A5446758-3DDC-4767-9C59-98B820329421}.Release|Any CPU.Build.0 = Release|Any CPU
		{2F90302E-970B-4727-AFB0-FD814B76C16E}.Debug|Any CPU.ActiveCfg = Debug|Any CPU
		{2F90302E-970B-4727-AFB0-FD814B76C16E}.Debug|Any CPU.Build.0 = Debug|Any CPU
		{2F90302E-970B-4727-AFB0-FD814B76C16E}.Release|Any CPU.ActiveCfg = Release|Any CPU
		{2F90302E-970B-4727-AFB0-FD814B76C16E}.Release|Any CPU.Build.0 = Release|Any CPU
		{3C19F5B5-71BC-4F5E-998A-7E907BF67552}.Debug|Any CPU.ActiveCfg = Debug|Any CPU
		{3C19F5B5-71BC-4F5E-998A-7E907BF67552}.Debug|Any CPU.Build.0 = Debug|Any CPU
		{3C19F5B5-71BC-4F5E-998A-7E907BF67552}.Release|Any CPU.ActiveCfg = Release|Any CPU
		{3C19F5B5-71BC-4F5E-998A-7E907BF67552}.Release|Any CPU.Build.0 = Release|Any CPU
	EndGlobalSection
	GlobalSection(SolutionProperties) = preSolution
		HideSolutionNode = FALSE
	EndGlobalSection
	GlobalSection(ExtensibilityGlobals) = postSolution
		SolutionGuid = {18BF6B7E-7242-42E7-A407-0A5355AE5B6B}
	EndGlobalSection
EndGlobal
